{
  "version": 4,
  "terraform_version": "1.1.4",
  "serial": 71,
  "lineage": "0d7fbeaf-50e8-cef1-25a5-612f274d7600",
  "outputs": {},
  "resources": [
    {
      "mode": "data",
      "type": "aws_caller_identity",
      "name": "current",
      "provider": "provider[\"registry.terraform.io/hashicorp/aws\"]",
      "instances": [
        {
          "schema_version": 0,
          "attributes": {
            "account_id": "534652216657",
            "arn": "arn:aws:iam::534652216657:user/danil.smirnov",
            "id": "534652216657",
            "user_id": "AIDAXY66BMVIWGLML5HKB"
          },
          "sensitive_attributes": []
        }
      ]
    },
    {
      "mode": "data",
      "type": "aws_iam_policy_document",
      "name": "policy_document",
      "provider": "provider[\"registry.terraform.io/hashicorp/aws\"]",
      "instances": [
        {
          "schema_version": 0,
          "attributes": {
            "id": "2478221018",
            "json": "{\n  \"Version\": \"2012-10-17\",\n  \"Statement\": [\n    {\n      \"Sid\": \"\",\n      \"Effect\": \"Allow\",\n      \"Action\": \"sts:AssumeRole\",\n      \"Principal\": {\n        \"Service\": \"states.amazonaws.com\"\n      }\n    }\n  ]\n}",
            "override_json": null,
            "override_policy_documents": null,
            "policy_id": null,
            "source_json": null,
            "source_policy_documents": null,
            "statement": [
              {
                "actions": [
                  "sts:AssumeRole"
                ],
                "condition": [],
                "effect": "Allow",
                "not_actions": [],
                "not_principals": [],
                "not_resources": [],
                "principals": [
                  {
                    "identifiers": [
                      "states.amazonaws.com"
                    ],
                    "type": "Service"
                  }
                ],
                "resources": [],
                "sid": ""
              }
            ],
            "version": "2012-10-17"
          },
          "sensitive_attributes": []
        }
      ]
    },
    {
      "mode": "data",
      "type": "aws_region",
      "name": "current",
      "provider": "provider[\"registry.terraform.io/hashicorp/aws\"]",
      "instances": [
        {
          "schema_version": 0,
          "attributes": {
            "description": "Europe (Frankfurt)",
            "endpoint": "ec2.eu-central-1.amazonaws.com",
            "id": "eu-central-1",
            "name": "eu-central-1"
          },
          "sensitive_attributes": []
        }
      ]
    },
    {
      "mode": "managed",
      "type": "aws_cloudwatch_log_group",
      "name": "container_cloudwatch_loggroup",
      "provider": "provider[\"registry.terraform.io/hashicorp/aws\"]",
      "instances": [
        {
          "schema_version": 0,
          "attributes": {
            "arn": "arn:aws:logs:eu-central-1:534652216657:log-group:fooddocs-cloudwatch-log-group",
            "id": "fooddocs-cloudwatch-log-group",
            "kms_key_id": "",
            "name": "fooddocs-cloudwatch-log-group",
            "name_prefix": null,
            "retention_in_days": 0,
            "tags": {
              "Environment": "dev",
              "Name": "fooddocs-cloudwatch-log-group"
            },
            "tags_all": {
              "Environment": "dev",
              "Name": "fooddocs-cloudwatch-log-group"
            }
          },
          "sensitive_attributes": [],
          "private": "bnVsbA=="
        }
      ]
    },
    {
      "mode": "managed",
      "type": "aws_cloudwatch_log_stream",
      "name": "container_cloudwatch_logstream",
      "provider": "provider[\"registry.terraform.io/hashicorp/aws\"]",
      "instances": [
        {
          "schema_version": 0,
          "attributes": {
            "arn": "arn:aws:logs:eu-central-1:534652216657:log-group:fooddocs-cloudwatch-log-group:log-stream:fooddocs-cloudwatch-log-stream",
            "id": "fooddocs-cloudwatch-log-stream",
            "log_group_name": "fooddocs-cloudwatch-log-group",
            "name": "fooddocs-cloudwatch-log-stream"
          },
          "sensitive_attributes": [],
          "private": "bnVsbA==",
          "dependencies": [
            "aws_cloudwatch_log_group.container_cloudwatch_loggroup"
          ]
        }
      ]
    },
    {
      "mode": "managed",
      "type": "aws_ecr_repository",
      "name": "ecr_repo",
      "provider": "provider[\"registry.terraform.io/hashicorp/aws\"]",
      "instances": [
        {
          "schema_version": 0,
          "attributes": {
            "arn": "arn:aws:ecr:eu-central-1:534652216657:repository/php_app-dev",
            "encryption_configuration": [
              {
                "encryption_type": "AES256",
                "kms_key": ""
              }
            ],
            "id": "php_app-dev",
            "image_scanning_configuration": [
              {
                "scan_on_push": false
              }
            ],
            "image_tag_mutability": "MUTABLE",
            "name": "php_app-dev",
            "registry_id": "534652216657",
            "repository_url": "534652216657.dkr.ecr.eu-central-1.amazonaws.com/php_app-dev",
            "tags": {
              "Name": "php_app-dev"
            },
            "tags_all": {
              "Name": "php_app-dev"
            },
            "timeouts": null
          },
          "sensitive_attributes": [],
          "private": "eyJlMmJmYjczMC1lY2FhLTExZTYtOGY4OC0zNDM2M2JjN2M0YzAiOnsiZGVsZXRlIjoxMjAwMDAwMDAwMDAwfX0="
        }
      ]
    },
    {
      "mode": "managed",
      "type": "aws_ecs_cluster",
      "name": "cluster",
      "provider": "provider[\"registry.terraform.io/hashicorp/aws\"]",
      "instances": [
        {
          "schema_version": 0,
          "attributes": {
            "arn": "arn:aws:ecs:eu-central-1:534652216657:cluster/fooddocs-dev",
            "capacity_providers": [],
            "configuration": [],
            "default_capacity_provider_strategy": [],
            "id": "arn:aws:ecs:eu-central-1:534652216657:cluster/fooddocs-dev",
            "name": "fooddocs-dev",
            "setting": [
              {
                "name": "containerInsights",
                "value": "disabled"
              }
            ],
            "tags": {
              "Name": "fooddocs-dev",
              "environment": "dev",
              "project": "fooddocs"
            },
            "tags_all": {
              "Name": "fooddocs-dev",
              "environment": "dev",
              "project": "fooddocs"
            }
          },
          "sensitive_attributes": [],
          "private": "bnVsbA=="
        }
      ]
    },
    {
      "mode": "managed",
      "type": "aws_ecs_service",
      "name": "ecs_service",
      "provider": "provider[\"registry.terraform.io/hashicorp/aws\"]",
      "instances": [
        {
          "schema_version": 0,
          "attributes": {
            "capacity_provider_strategy": [],
            "cluster": "arn:aws:ecs:eu-central-1:534652216657:cluster/fooddocs-dev",
            "deployment_circuit_breaker": [
              {
                "enable": false,
                "rollback": false
              }
            ],
            "deployment_controller": [
              {
                "type": "ECS"
              }
            ],
            "deployment_maximum_percent": 200,
            "deployment_minimum_healthy_percent": 100,
            "desired_count": 1,
            "enable_ecs_managed_tags": false,
            "enable_execute_command": false,
            "force_new_deployment": null,
            "health_check_grace_period_seconds": 0,
            "iam_role": "aws-service-role",
            "id": "arn:aws:ecs:eu-central-1:534652216657:service/fooddocs-dev/php_app",
            "launch_type": "FARGATE",
            "load_balancer": [],
            "name": "php_app",
            "network_configuration": [
              {
                "assign_public_ip": false,
                "security_groups": [
                  "sg-0e0b532907f5792ea"
                ],
                "subnets": [
                  "subnet-02b9cfe6b0acb9790"
                ]
              }
            ],
            "ordered_placement_strategy": [],
            "placement_constraints": [],
            "platform_version": "LATEST",
            "propagate_tags": "NONE",
            "scheduling_strategy": "REPLICA",
            "service_registries": [],
            "tags": {
              "Name": "php_app",
              "environment": "dev",
              "project": "fooddocs"
            },
            "tags_all": {
              "Name": "php_app",
              "environment": "dev",
              "project": "fooddocs"
            },
            "task_definition": "arn:aws:ecs:eu-central-1:534652216657:task-definition/fooddocs-php_app:2",
            "timeouts": null,
            "wait_for_steady_state": false
          },
          "sensitive_attributes": [],
          "private": "eyJlMmJmYjczMC1lY2FhLTExZTYtOGY4OC0zNDM2M2JjN2M0YzAiOnsiZGVsZXRlIjoxMjAwMDAwMDAwMDAwfX0=",
          "dependencies": [
            "aws_cloudwatch_log_group.container_cloudwatch_loggroup",
            "aws_ecs_cluster.cluster",
            "aws_ecs_task_definition.task_definition",
            "aws_iam_role.task_execution_role",
            "aws_iam_role.task_role",
            "data.aws_caller_identity.current",
            "data.aws_region.current"
          ]
        }
      ]
    },
    {
      "mode": "managed",
      "type": "aws_ecs_task_definition",
      "name": "task_definition",
      "provider": "provider[\"registry.terraform.io/hashicorp/aws\"]",
      "instances": [
        {
          "schema_version": 1,
          "attributes": {
            "arn": "arn:aws:ecs:eu-central-1:534652216657:task-definition/fooddocs-php_app:2",
            "container_definitions": "[{\"cpu\":0,\"dnsSearchDomains\":[],\"dnsServers\":[],\"dockerLabels\":{},\"dockerSecurityOptions\":[],\"environment\":[{\"name\":\"REGION\",\"value\":\"eu-central-1\"}],\"essential\":true,\"extraHosts\":[],\"image\":\"534652216657.dkr.ecr.eu-central-1.amazonaws.com/php_app-dev\",\"links\":[],\"logConfiguration\":{\"logDriver\":\"awslogs\",\"options\":{\"awslogs-group\":\"fooddocs-cloudwatch-log-group\",\"awslogs-region\":\"eu-central-1\",\"awslogs-stream-prefix\":\"/aws/ecs\"}},\"mountPoints\":[],\"name\":\"fargate-app\",\"portMappings\":[{\"containerPort\":80,\"hostPort\":80,\"protocol\":\"tcp\"}],\"ulimits\":[],\"volumesFrom\":[]}]",
            "cpu": "512",
            "ephemeral_storage": [],
            "execution_role_arn": "arn:aws:iam::534652216657:role/fooddocs-ECS-TaskExecution-Role",
            "family": "fooddocs-php_app",
            "id": "fooddocs-php_app",
            "inference_accelerator": [],
            "ipc_mode": "",
            "memory": "1024",
            "network_mode": "awsvpc",
            "pid_mode": "",
            "placement_constraints": [],
            "proxy_configuration": [],
            "requires_compatibilities": [
              "FARGATE"
            ],
            "revision": 2,
            "runtime_platform": [],
            "skip_destroy": false,
            "tags": null,
            "tags_all": {},
            "task_role_arn": "arn:aws:iam::534652216657:role/fooddocs-ECS-Task-Role",
            "volume": []
          },
          "sensitive_attributes": [],
          "private": "eyJzY2hlbWFfdmVyc2lvbiI6IjEifQ==",
          "dependencies": [
            "aws_cloudwatch_log_group.container_cloudwatch_loggroup",
            "aws_iam_role.task_execution_role",
            "aws_iam_role.task_role",
            "data.aws_caller_identity.current",
            "data.aws_region.current"
          ]
        }
      ]
    },
    {
      "mode": "managed",
      "type": "aws_iam_role",
      "name": "role",
      "provider": "provider[\"registry.terraform.io/hashicorp/aws\"]",
      "instances": [
        {
          "schema_version": 0,
          "attributes": {
            "arn": "arn:aws:iam::534652216657:role/fooddocs-ECSRunTaskSyncExecutionRole",
            "assume_role_policy": "{\"Version\":\"2012-10-17\",\"Statement\":[{\"Sid\":\"\",\"Effect\":\"Allow\",\"Principal\":{\"Service\":\"states.amazonaws.com\"},\"Action\":\"sts:AssumeRole\"}]}",
            "create_date": "2022-02-11T08:48:55Z",
            "description": "",
            "force_detach_policies": false,
            "id": "fooddocs-ECSRunTaskSyncExecutionRole",
            "inline_policy": [
              {
                "name": "FargateTaskNotificationAccessPolicy",
                "policy": "{\r\n    \"Version\": \"2012-10-17\",\r\n    \"Statement\": [\r\n        {\r\n            \"Effect\": \"Allow\",\r\n            \"Action\": [\r\n                \"logs:CreateLogStream\",\r\n                \"logs:GetLogEvents\",\r\n                \"logs:PutLogEvents\"\r\n            ],\r\n            \"Resource\": \"*\"\r\n        },\r\n        {\r\n            \"Effect\": \"Allow\",\r\n            \"Action\": [\r\n                \"iam:GetRole\",\r\n                \"iam:PassRole\"\r\n            ],\r\n            \"Resource\": \"*\"\r\n        },\r\n        {\r\n            \"Sid\": \"AllowPushPull\",\r\n            \"Resource\": [\r\n                \"arn:aws:ecr:eu-central-1:534652216657:repository/fooddocs-repo\"\r\n            ],\r\n            \"Effect\": \"Allow\",\r\n            \"Action\": [\r\n                \"ecr:GetDownloadUrlForLayer\",\r\n                \"ecr:BatchGetImage\",\r\n                \"ecr:BatchCheckLayerAvailability\",\r\n                \"ecr:PutImage\",\r\n                \"ecr:InitiateLayerUpload\",\r\n                \"ecr:UploadLayerPart\",\r\n                \"ecr:CompleteLayerUpload\"\r\n            ]\r\n        },\r\n        {\r\n            \"Action\": [\r\n                \"ecs:RunTask\"\r\n            ],\r\n            \"Resource\": [\r\n                \"arn:aws:ecs:eu-central-1:534652216657:task-definition/fooddocs-php_app:1\"\r\n            ],\r\n            \"Effect\": \"Allow\"\r\n        },\r\n        {\r\n            \"Action\": [\r\n                \"ecs:StopTask\",\r\n                \"ecs:DescribeTasks\"\r\n            ],\r\n            \"Resource\": \"*\",\r\n            \"Effect\": \"Allow\"\r\n        }\r\n    ]\r\n}\r\n"
              }
            ],
            "managed_policy_arns": [],
            "max_session_duration": 3600,
            "name": "fooddocs-ECSRunTaskSyncExecutionRole",
            "name_prefix": "",
            "path": "/",
            "permissions_boundary": null,
            "tags": {},
            "tags_all": {},
            "unique_id": "AROAXY66BMVITUHYE5NJC"
          },
          "sensitive_attributes": [],
          "private": "bnVsbA==",
          "dependencies": [
            "data.aws_iam_policy_document.policy_document"
          ]
        }
      ]
    },
    {
      "mode": "managed",
      "type": "aws_iam_role",
      "name": "task_execution_role",
      "provider": "provider[\"registry.terraform.io/hashicorp/aws\"]",
      "instances": [
        {
          "schema_version": 0,
          "attributes": {
            "arn": "arn:aws:iam::534652216657:role/fooddocs-ECS-TaskExecution-Role",
            "assume_role_policy": "{\"Version\":\"2012-10-17\",\"Statement\":[{\"Sid\":\"\",\"Effect\":\"Allow\",\"Principal\":{\"Service\":\"ecs-tasks.amazonaws.com\"},\"Action\":\"sts:AssumeRole\"}]}",
            "create_date": "2022-02-11T08:48:55Z",
            "description": "",
            "force_detach_policies": false,
            "id": "fooddocs-ECS-TaskExecution-Role",
            "inline_policy": [
              {
                "name": "",
                "policy": ""
              }
            ],
            "managed_policy_arns": [
              "arn:aws:iam::aws:policy/service-role/AmazonECSTaskExecutionRolePolicy"
            ],
            "max_session_duration": 3600,
            "name": "fooddocs-ECS-TaskExecution-Role",
            "name_prefix": "",
            "path": "/",
            "permissions_boundary": null,
            "tags": {},
            "tags_all": {},
            "unique_id": "AROAXY66BMVI6Z6TUYJQ5"
          },
          "sensitive_attributes": [],
          "private": "bnVsbA=="
        }
      ]
    },
    {
      "mode": "managed",
      "type": "aws_iam_role",
      "name": "task_role",
      "provider": "provider[\"registry.terraform.io/hashicorp/aws\"]",
      "instances": [
        {
          "schema_version": 0,
          "attributes": {
            "arn": "arn:aws:iam::534652216657:role/fooddocs-ECS-Task-Role",
            "assume_role_policy": "{\"Version\":\"2012-10-17\",\"Statement\":[{\"Sid\":\"\",\"Effect\":\"Allow\",\"Principal\":{\"Service\":\"ecs-tasks.amazonaws.com\"},\"Action\":\"sts:AssumeRole\"}]}",
            "create_date": "2022-02-11T08:48:55Z",
            "description": "",
            "force_detach_policies": false,
            "id": "fooddocs-ECS-Task-Role",
            "inline_policy": [
              {
                "name": "",
                "policy": ""
              }
            ],
            "managed_policy_arns": [],
            "max_session_duration": 3600,
            "name": "fooddocs-ECS-Task-Role",
            "name_prefix": "",
            "path": "/",
            "permissions_boundary": null,
            "tags": {},
            "tags_all": {},
            "unique_id": "AROAXY66BMVIY5QJVC3YH"
          },
          "sensitive_attributes": [],
          "private": "bnVsbA=="
        }
      ]
    },
    {
      "mode": "managed",
      "type": "aws_iam_role_policy",
      "name": "policy",
      "provider": "provider[\"registry.terraform.io/hashicorp/aws\"]",
      "instances": [
        {
          "schema_version": 0,
          "attributes": {
            "id": "fooddocs-ECSRunTaskSyncExecutionRole:FargateTaskNotificationAccessPolicy",
            "name": "FargateTaskNotificationAccessPolicy",
            "name_prefix": null,
            "policy": "{\r\n    \"Version\": \"2012-10-17\",\r\n    \"Statement\": [\r\n        {\r\n            \"Effect\": \"Allow\",\r\n            \"Action\": [\r\n                \"logs:CreateLogStream\",\r\n                \"logs:GetLogEvents\",\r\n                \"logs:PutLogEvents\"\r\n            ],\r\n            \"Resource\": \"*\"\r\n        },\r\n        {\r\n            \"Effect\": \"Allow\",\r\n            \"Action\": [\r\n                \"iam:GetRole\",\r\n                \"iam:PassRole\"\r\n            ],\r\n            \"Resource\": \"*\"\r\n        },\r\n        {\r\n            \"Sid\": \"AllowPushPull\",\r\n            \"Resource\": [\r\n                \"arn:aws:ecr:eu-central-1:534652216657:repository/php_app-dev\"\r\n            ],\r\n            \"Effect\": \"Allow\",\r\n            \"Action\": [\r\n                \"ecr:GetDownloadUrlForLayer\",\r\n                \"ecr:BatchGetImage\",\r\n                \"ecr:BatchCheckLayerAvailability\",\r\n                \"ecr:PutImage\",\r\n                \"ecr:InitiateLayerUpload\",\r\n                \"ecr:UploadLayerPart\",\r\n                \"ecr:CompleteLayerUpload\"\r\n            ]\r\n        },\r\n        {\r\n            \"Action\": [\r\n                \"ecs:RunTask\"\r\n            ],\r\n            \"Resource\": [\r\n                \"arn:aws:ecs:eu-central-1:534652216657:task-definition/fooddocs-php_app:2\"\r\n            ],\r\n            \"Effect\": \"Allow\"\r\n        },\r\n        {\r\n            \"Action\": [\r\n                \"ecs:StopTask\",\r\n                \"ecs:DescribeTasks\"\r\n            ],\r\n            \"Resource\": \"*\",\r\n            \"Effect\": \"Allow\"\r\n        }\r\n    ]\r\n}\r\n",
            "role": "fooddocs-ECSRunTaskSyncExecutionRole"
          },
          "sensitive_attributes": [],
          "private": "bnVsbA==",
          "dependencies": [
            "aws_cloudwatch_log_group.container_cloudwatch_loggroup",
            "aws_ecr_repository.ecr_repo",
            "aws_ecs_task_definition.task_definition",
            "aws_iam_role.role",
            "aws_iam_role.task_execution_role",
            "aws_iam_role.task_role",
            "data.aws_caller_identity.current",
            "data.aws_region.current"
          ]
        }
      ]
    },
    {
      "mode": "managed",
      "type": "aws_iam_role_policy_attachment",
      "name": "ecs-task-execution-role-policy-attachment",
      "provider": "provider[\"registry.terraform.io/hashicorp/aws\"]",
      "instances": [
        {
          "schema_version": 0,
          "attributes": {
            "id": "fooddocs-ECS-TaskExecution-Role-20220211084857571800000001",
            "policy_arn": "arn:aws:iam::aws:policy/service-role/AmazonECSTaskExecutionRolePolicy",
            "role": "fooddocs-ECS-TaskExecution-Role"
          },
          "sensitive_attributes": [],
          "private": "bnVsbA==",
          "dependencies": [
            "aws_iam_role.task_execution_role"
          ]
        }
      ]
    }
  ]
}
